#MicroXplorer Configuration settings - do not modify
ADC1.Channel-1\#ChannelRegularConversion=ADC_CHANNEL_6
ADC1.IPParameters=Rank-1\#ChannelRegularConversion,master,Channel-1\#ChannelRegularConversion,SamplingTime-1\#ChannelRegularConversion,NbrOfConversionFlag
ADC1.NbrOfConversionFlag=1
ADC1.Rank-1\#ChannelRegularConversion=1
ADC1.SamplingTime-1\#ChannelRegularConversion=ADC_SAMPLETIME_3CYCLES
ADC1.master=1
FREERTOS.FootprintOK=true
FREERTOS.IPParameters=Tasks01,FootprintOK,Queues01,configUSE_TIMERS,configLIBRARY_MAX_SYSCALL_INTERRUPT_PRIORITY
FREERTOS.Queues01=uartQueue,10,char *,0,Dynamic,NULL,NULL;cmdQueue,10,CMD_t *,0,Dynamic,NULL,NULL
FREERTOS.Tasks01=menuDisplayTask,-1,512,StartMenuTask,Default,NULL,Dynamic,NULL,NULL;cmdHandlingTask,0,512,StartCmdHandling,Default,NULL,Dynamic,NULL,NULL;cmdProcessingTa,0,512,StartCmdProcessing,Default,NULL,Dynamic,NULL,NULL;uartWriteTask,0,512,StartUartWrite,Default,NULL,Dynamic,NULL,NULL
FREERTOS.configLIBRARY_MAX_SYSCALL_INTERRUPT_PRIORITY=3
FREERTOS.configUSE_TIMERS=1
File.Version=6
GPIO.groupedBy=Group By Peripherals
KeepUserPlacement=false
Mcu.Family=STM32F4
Mcu.IP0=ADC1
Mcu.IP1=FREERTOS
Mcu.IP2=NVIC
Mcu.IP3=RCC
Mcu.IP4=RTC
Mcu.IP5=SYS
Mcu.IP6=USART2
Mcu.IPNb=7
Mcu.Name=STM32F446R(C-E)Tx
Mcu.Package=LQFP64
Mcu.Pin0=PA2
Mcu.Pin1=PA3
Mcu.Pin2=PA5
Mcu.Pin3=PA6
Mcu.Pin4=VP_FREERTOS_VS_CMSIS_V1
Mcu.Pin5=VP_RTC_VS_RTC_Activate
Mcu.Pin6=VP_RTC_VS_RTC_Calendar
Mcu.Pin7=VP_SYS_VS_Systick
Mcu.PinsNb=8
Mcu.ThirdPartyNb=0
Mcu.UserConstants=
Mcu.UserName=STM32F446RETx
MxCube.Version=6.1.1
MxDb.Version=DB.6.0.10
NVIC.ADC_IRQn=true\:5\:0\:true\:false\:true\:true\:true\:true
NVIC.BusFault_IRQn=true\:0\:0\:false\:false\:true\:false\:false\:false
NVIC.DebugMonitor_IRQn=true\:0\:0\:false\:false\:true\:false\:false\:false
NVIC.ForceEnableDMAVector=true
NVIC.HardFault_IRQn=true\:0\:0\:false\:false\:true\:false\:false\:false
NVIC.MemoryManagement_IRQn=true\:0\:0\:false\:false\:true\:false\:false\:false
NVIC.NonMaskableInt_IRQn=true\:0\:0\:false\:false\:true\:false\:false\:false
NVIC.PendSV_IRQn=true\:15\:0\:false\:false\:false\:true\:false\:false
NVIC.PriorityGroup=NVIC_PRIORITYGROUP_4
NVIC.SVCall_IRQn=true\:0\:0\:false\:false\:false\:false\:false\:false
NVIC.SavedPendsvIrqHandlerGenerated=true
NVIC.SavedSvcallIrqHandlerGenerated=true
NVIC.SavedSystickIrqHandlerGenerated=true
NVIC.SysTick_IRQn=true\:15\:0\:false\:false\:true\:true\:false\:true
NVIC.USART2_IRQn=true\:10\:0\:true\:true\:true\:1\:true\:true\:true
NVIC.UsageFault_IRQn=true\:0\:0\:false\:false\:true\:false\:false\:false
PA2.GPIOParameters=GPIO_Speed,GPIO_PuPd
PA2.GPIO_PuPd=GPIO_PULLUP
PA2.GPIO_Speed=GPIO_SPEED_FREQ_HIGH
PA2.Mode=Asynchronous
PA2.Signal=USART2_TX
PA3.GPIOParameters=GPIO_Speed,GPIO_PuPd
PA3.GPIO_PuPd=GPIO_PULLUP
PA3.GPIO_Speed=GPIO_SPEED_FREQ_HIGH
PA3.Mode=Asynchronous
PA3.Signal=USART2_RX
PA5.GPIOParameters=GPIO_Speed,PinState,GPIO_PuPd
PA5.GPIO_PuPd=GPIO_PULLUP
PA5.GPIO_Speed=GPIO_SPEED_FREQ_LOW
PA5.Locked=true
PA5.PinState=GPIO_PIN_SET
PA5.Signal=GPIO_Output
PA6.Locked=true
PA6.Signal=ADCx_IN6
PinOutPanel.RotationAngle=0
ProjectManager.AskForMigrate=true
ProjectManager.BackupPrevious=false
ProjectManager.CompilerOptimize=6
ProjectManager.ComputerToolchain=false
ProjectManager.CoupleFile=false
ProjectManager.CustomerFirmwarePackage=
ProjectManager.DefaultFWLocation=true
ProjectManager.DeletePrevious=true
ProjectManager.DeviceId=STM32F446RETx
ProjectManager.FirmwarePackage=STM32Cube FW_F4 V1.25.2
ProjectManager.FreePins=false
ProjectManager.HalAssertFull=false
ProjectManager.HeapSize=0x200
ProjectManager.KeepUserCode=true
ProjectManager.LastFirmware=true
ProjectManager.LibraryCopy=1
ProjectManager.MainLocation=Core/Src
ProjectManager.NoMain=false
ProjectManager.PreviousToolchain=
ProjectManager.ProjectBuild=false
ProjectManager.ProjectFileName=stm32f446re_FreeRTOS_queue.ioc
ProjectManager.ProjectName=stm32f446re_FreeRTOS_queue
ProjectManager.RegisterCallBack=
ProjectManager.StackSize=0x400
ProjectManager.TargetToolchain=STM32CubeIDE
ProjectManager.ToolChainLocation=
ProjectManager.UnderRoot=true
ProjectManager.functionlistsort=1-MX_GPIO_Init-GPIO-false-HAL-true,2-SystemClock_Config-RCC-false-HAL-false,3-MX_USART2_UART_Init-USART2-false-HAL-true,4-MX_RTC_Init-RTC-false-HAL-true,5-MX_ADC1_Init-ADC1-false-HAL-true
RCC.CECFreq_Value=32786.88524590164
RCC.CortexFreq_Value=16000000
RCC.FamilyName=M
RCC.IPParameters=CECFreq_Value,CortexFreq_Value,FamilyName,PLLCLKFreq_Value,PLLI2SPCLKFreq_Value,PLLI2SQCLKFreq_Value,PLLI2SRCLKFreq_Value,PLLQCLKFreq_Value,PLLRCLKFreq_Value,PLLSAIPCLKFreq_Value,PLLSAIQCLKFreq_Value,SAIAFreq_Value,SAIBFreq_Value,SDIOFreq_Value,USBFreq_Value,VCOI2SInputFreq_Value,VCOI2SOutputFreq_Value,VCOInputFreq_Value,VCOOutputFreq_Value,VCOSAIInputFreq_Value,VCOSAIOutputFreq_Value
RCC.PLLCLKFreq_Value=96000000
RCC.PLLI2SPCLKFreq_Value=96000000
RCC.PLLI2SQCLKFreq_Value=96000000
RCC.PLLI2SRCLKFreq_Value=96000000
RCC.PLLQCLKFreq_Value=96000000
RCC.PLLRCLKFreq_Value=96000000
RCC.PLLSAIPCLKFreq_Value=96000000
RCC.PLLSAIQCLKFreq_Value=96000000
RCC.SAIAFreq_Value=96000000
RCC.SAIBFreq_Value=96000000
RCC.SDIOFreq_Value=96000000
RCC.USBFreq_Value=96000000
RCC.VCOI2SInputFreq_Value=1000000
RCC.VCOI2SOutputFreq_Value=192000000
RCC.VCOInputFreq_Value=1000000
RCC.VCOOutputFreq_Value=192000000
RCC.VCOSAIInputFreq_Value=1000000
RCC.VCOSAIOutputFreq_Value=192000000
SH.ADCx_IN6.0=ADC1_IN6,IN6
SH.ADCx_IN6.ConfNb=1
USART2.IPParameters=VirtualMode
USART2.VirtualMode=VM_ASYNC
VP_FREERTOS_VS_CMSIS_V1.Mode=CMSIS_V1
VP_FREERTOS_VS_CMSIS_V1.Signal=FREERTOS_VS_CMSIS_V1
VP_RTC_VS_RTC_Activate.Mode=RTC_Enabled
VP_RTC_VS_RTC_Activate.Signal=RTC_VS_RTC_Activate
VP_RTC_VS_RTC_Calendar.Mode=RTC_Calendar
VP_RTC_VS_RTC_Calendar.Signal=RTC_VS_RTC_Calendar
VP_SYS_VS_Systick.Mode=SysTick
VP_SYS_VS_Systick.Signal=SYS_VS_Systick
board=custom
isbadioc=false
